PODS:
  - Cosmos (18.0.1)
  - FontBlaster (4.1.0)
  - MGAudioPlayerKit (0.1.0):
    - SDWebImage
  - MGLandingKit (0.0.2):
    - SDWebImage
  - MGSideMenuKit (0.1.4):
    - SideMenuSwift
  - MGTemplateKit (0.1.8):
    - FontBlaster
    - UIColor_Hex_Swift (~> 4.2.0)
  - MGVideoPlayerKit (0.1.1):
    - Cosmos (~> 18.0)
    - SDWebImage
  - SDWebImage (4.4.6):
    - SDWebImage/Core (= 4.4.6)
  - SDWebImage/Core (4.4.6)
  - SideMenuSwift (1.0.2)
  - UIColor_Hex_Swift (4.2.0)

DEPENDENCIES:
  - "MGAudioPlayerKit (from `https://haraldbregu:4a4d1162147e80549f22cafb59060bdf59c4934a@github.com/HaraldBregu/MGAudioPlayerKit.git`)"
  - "MGLandingKit (from `https://haraldbregu:4a4d1162147e80549f22cafb59060bdf59c4934a@github.com/HaraldBregu/MGLandingKit.git`)"
  - "MGSideMenuKit (from `https://haraldbregu:4a4d1162147e80549f22cafb59060bdf59c4934a@github.com/HaraldBregu/MGSideMenuKit.git`)"
  - "MGTemplateKit (from `https://haraldbregu:4a4d1162147e80549f22cafb59060bdf59c4934a@github.com/HaraldBregu/MGTemplateKit.git`)"
  - "MGVideoPlayerKit (from `https://haraldbregu:4a4d1162147e80549f22cafb59060bdf59c4934a@github.com/HaraldBregu/MGVideoPlayerKit.git`)"

SPEC REPOS:
  https://github.com/cocoapods/specs.git:
    - Cosmos
    - FontBlaster
    - SDWebImage
    - SideMenuSwift
    - UIColor_Hex_Swift

EXTERNAL SOURCES:
  MGAudioPlayerKit:
    :git: "https://haraldbregu:4a4d1162147e80549f22cafb59060bdf59c4934a@github.com/HaraldBregu/MGAudioPlayerKit.git"
  MGLandingKit:
    :git: "https://haraldbregu:4a4d1162147e80549f22cafb59060bdf59c4934a@github.com/HaraldBregu/MGLandingKit.git"
  MGSideMenuKit:
    :git: "https://haraldbregu:4a4d1162147e80549f22cafb59060bdf59c4934a@github.com/HaraldBregu/MGSideMenuKit.git"
  MGTemplateKit:
    :git: "https://haraldbregu:4a4d1162147e80549f22cafb59060bdf59c4934a@github.com/HaraldBregu/MGTemplateKit.git"
  MGVideoPlayerKit:
    :git: "https://haraldbregu:4a4d1162147e80549f22cafb59060bdf59c4934a@github.com/HaraldBregu/MGVideoPlayerKit.git"

CHECKOUT OPTIONS:
  MGAudioPlayerKit:
    :commit: b44a06091181b3f5fc6c08ab9f7e4652fcc53b19
    :git: "https://haraldbregu:4a4d1162147e80549f22cafb59060bdf59c4934a@github.com/HaraldBregu/MGAudioPlayerKit.git"
  MGLandingKit:
    :commit: 88ecc9ae511aad7430b97d22024a04290c14e195
    :git: "https://haraldbregu:4a4d1162147e80549f22cafb59060bdf59c4934a@github.com/HaraldBregu/MGLandingKit.git"
  MGSideMenuKit:
    :commit: 1ddc92c9110ca2238142b0bcf6d9871ef7023f11
    :git: "https://haraldbregu:4a4d1162147e80549f22cafb59060bdf59c4934a@github.com/HaraldBregu/MGSideMenuKit.git"
  MGTemplateKit:
    :commit: 714d770728041650e79f3dac73dca2699cd2cb6d
    :git: "https://haraldbregu:4a4d1162147e80549f22cafb59060bdf59c4934a@github.com/HaraldBregu/MGTemplateKit.git"
  MGVideoPlayerKit:
    :commit: 79dd3ca9d5b5ae7cb5e6d2806039406bf6f1ad04
    :git: "https://haraldbregu:4a4d1162147e80549f22cafb59060bdf59c4934a@github.com/HaraldBregu/MGVideoPlayerKit.git"

SPEC CHECKSUMS:
  Cosmos: 7dfaa3f52584ca5f94ab74b5c2e264019cc9f7f5
  FontBlaster: 127aa66419478d1c62926c7fdb39841633344a45
  MGAudioPlayerKit: 821fa88bf5b477b330d7069ce963f563653a5d83
  MGLandingKit: 53f8fecb85af1a3417035868e1db7aef63af5c75
  MGSideMenuKit: 81341ee5bcb9de290e3a62e8b23fd99e4bdcbff1
  MGTemplateKit: 59eb00bb69ae7c313203351de312fab4894040d9
  MGVideoPlayerKit: f16fc3053821f1255866bcbfa5fbfcdc85702fee
  SDWebImage: 3f3f0c02f09798048c47a5ed0a13f17b063572d8
  SideMenuSwift: 435ede4955a813fc4fd6c822c067784626621448
  UIColor_Hex_Swift: bc07fc197421ee896b9ed6dcfa2054b7fbf75145

PODFILE CHECKSUM: a86ed8be3a24360f59bb9f7a3e8be9fc00670942

COCOAPODS: 1.6.1
