// !$*UTF8*$!
{
	archiveVersion = 1;
	classes = {
	};
	objectVersion = 50;
	objects = {

/* Begin PBXBuildFile section */
		89F5422F6EDABA53EA207C43 /* Pods_MGProject.framework in Frameworks */ = {isa = PBXBuildFile; fileRef = 2D40AF9E22E7E5E23B8051DE /* Pods_MGProject.framework */; };
		A91A35DC22735887003AD425 /* pinktry.mp3 in Resources */ = {isa = PBXBuildFile; fileRef = A91A35D222735881003AD425 /* pinktry.mp3 */; };
		A91A35DD22735887003AD425 /* twentyonepilots.mp3 in Resources */ = {isa = PBXBuildFile; fileRef = A91A35D322735882003AD425 /* twentyonepilots.mp3 */; };
		A91A35DE22735887003AD425 /* aviciilevels.mp3 in Resources */ = {isa = PBXBuildFile; fileRef = A91A35D422735882003AD425 /* aviciilevels.mp3 */; };
		A91A35DF22735887003AD425 /* aviciiwakemeup.mp3 in Resources */ = {isa = PBXBuildFile; fileRef = A91A35D522735883003AD425 /* aviciiwakemeup.mp3 */; };
		A91A35E022735887003AD425 /* therainsofcastamere.mp3 in Resources */ = {isa = PBXBuildFile; fileRef = A91A35D622735884003AD425 /* therainsofcastamere.mp3 */; };
		A91A35E122735887003AD425 /* thunderstruck.mp3 in Resources */ = {isa = PBXBuildFile; fileRef = A91A35D722735884003AD425 /* thunderstruck.mp3 */; };
		A91A35E222735887003AD425 /* zombiebadwolves.mp3 in Resources */ = {isa = PBXBuildFile; fileRef = A91A35D822735885003AD425 /* zombiebadwolves.mp3 */; };
		A91A35E322735887003AD425 /* badliar.mp3 in Resources */ = {isa = PBXBuildFile; fileRef = A91A35D922735886003AD425 /* badliar.mp3 */; };
		A91A35E422735887003AD425 /* linkinparknumb.mp3 in Resources */ = {isa = PBXBuildFile; fileRef = A91A35DA22735886003AD425 /* linkinparknumb.mp3 */; };
		A91A35E522735887003AD425 /* shoottothrill.mp3 in Resources */ = {isa = PBXBuildFile; fileRef = A91A35DB22735887003AD425 /* shoottothrill.mp3 */; };
		A91A35E922737590003AD425 /* GoogleService-Info.plist in Resources */ = {isa = PBXBuildFile; fileRef = A91A35E822737590003AD425 /* GoogleService-Info.plist */; };
		A91B6CC822758FF0001C811E /* AudioPlayerComponent.swift in Sources */ = {isa = PBXBuildFile; fileRef = A91B6CC722758FEF001C811E /* AudioPlayerComponent.swift */; };
		A91B6CCA22759174001C811E /* Component.swift in Sources */ = {isa = PBXBuildFile; fileRef = A91B6CC922759174001C811E /* Component.swift */; };
		A91B6CCC227592E7001C811E /* VideoPlayerComponent.swift in Sources */ = {isa = PBXBuildFile; fileRef = A91B6CCB227592E7001C811E /* VideoPlayerComponent.swift */; };
		A91B6CCE22759704001C811E /* SideMenuComponent.swift in Sources */ = {isa = PBXBuildFile; fileRef = A91B6CCD22759704001C811E /* SideMenuComponent.swift */; };
		A91B6CD022759789001C811E /* LandingComponent.swift in Sources */ = {isa = PBXBuildFile; fileRef = A91B6CCF22759789001C811E /* LandingComponent.swift */; };
		A91B6CD2227597E6001C811E /* BrowserComponent.swift in Sources */ = {isa = PBXBuildFile; fileRef = A91B6CD1227597E6001C811E /* BrowserComponent.swift */; };
		A91B6CD42275984F001C811E /* MapComponent.swift in Sources */ = {isa = PBXBuildFile; fileRef = A91B6CD32275984F001C811E /* MapComponent.swift */; };
		A91B6CD6227598A8001C811E /* FeedComponent.swift in Sources */ = {isa = PBXBuildFile; fileRef = A91B6CD5227598A8001C811E /* FeedComponent.swift */; };
		A91BBBAD227B58A600A5D626 /* TemplateColor.swift in Sources */ = {isa = PBXBuildFile; fileRef = A91BBBAC227B58A600A5D626 /* TemplateColor.swift */; };
		A91BBBAF227B58CA00A5D626 /* TemplateFont.swift in Sources */ = {isa = PBXBuildFile; fileRef = A91BBBAE227B58CA00A5D626 /* TemplateFont.swift */; };
		A91BBBB2227B7FF300A5D626 /* SettingsComponent.swift in Sources */ = {isa = PBXBuildFile; fileRef = A91BBBB1227B7FF300A5D626 /* SettingsComponent.swift */; };
		A92017FD227CE0C1004A42B1 /* NotificationService.swift in Sources */ = {isa = PBXBuildFile; fileRef = A92017FC227CE0C1004A42B1 /* NotificationService.swift */; };
		A9201801227CE0C1004A42B1 /* NotificationServiceExtension.appex in Embed App Extensions */ = {isa = PBXBuildFile; fileRef = A92017FA227CE0C0004A42B1 /* NotificationServiceExtension.appex */; settings = {ATTRIBUTES = (RemoveHeadersOnCopy, ); }; };
		A9398078227D870C005E2736 /* AppDelegate+AdMob.swift in Sources */ = {isa = PBXBuildFile; fileRef = A9398077227D870C005E2736 /* AppDelegate+AdMob.swift */; };
		A989A5B2227791FE00A36CBD /* AppDelegate+Messaging.swift in Sources */ = {isa = PBXBuildFile; fileRef = A989A5B1227791FE00A36CBD /* AppDelegate+Messaging.swift */; };
		A989A5B42277922C00A36CBD /* AppDelegate+UserNotification.swift in Sources */ = {isa = PBXBuildFile; fileRef = A989A5B32277922C00A36CBD /* AppDelegate+UserNotification.swift */; };
		A989A5B62277948D00A36CBD /* AppDelegate+Modules.swift in Sources */ = {isa = PBXBuildFile; fileRef = A989A5B52277948D00A36CBD /* AppDelegate+Modules.swift */; };
		A9960438224EAF5E001FA5EE /* Localizable.strings in Resources */ = {isa = PBXBuildFile; fileRef = A9960437224EAF5E001FA5EE /* Localizable.strings */; };
		A9A4C032224AC1E10093A7AE /* AppDelegate.swift in Sources */ = {isa = PBXBuildFile; fileRef = A9A4C031224AC1E10093A7AE /* AppDelegate.swift */; };
		A9A4C037224AC1E10093A7AE /* Main.storyboard in Resources */ = {isa = PBXBuildFile; fileRef = A9A4C035224AC1E10093A7AE /* Main.storyboard */; };
		A9A4C039224AC1E40093A7AE /* Assets.xcassets in Resources */ = {isa = PBXBuildFile; fileRef = A9A4C038224AC1E40093A7AE /* Assets.xcassets */; };
		A9A4C03C224AC1E40093A7AE /* LaunchScreen.storyboard in Resources */ = {isa = PBXBuildFile; fileRef = A9A4C03A224AC1E40093A7AE /* LaunchScreen.storyboard */; };
		C1653739B836ECB5FAA7B7EC /* Pods_NotificationServiceExtension.framework in Frameworks */ = {isa = PBXBuildFile; fileRef = 70C162D8A6C9BF4A24FBA869 /* Pods_NotificationServiceExtension.framework */; };
/* End PBXBuildFile section */

/* Begin PBXContainerItemProxy section */
		A92017FF227CE0C1004A42B1 /* PBXContainerItemProxy */ = {
			isa = PBXContainerItemProxy;
			containerPortal = A9A4C026224AC1E10093A7AE /* Project object */;
			proxyType = 1;
			remoteGlobalIDString = A92017F9227CE0C0004A42B1;
			remoteInfo = NotificationServiceExtension;
		};
/* End PBXContainerItemProxy section */

/* Begin PBXCopyFilesBuildPhase section */
		A9201805227CE0C1004A42B1 /* Embed App Extensions */ = {
			isa = PBXCopyFilesBuildPhase;
			buildActionMask = 2147483647;
			dstPath = "";
			dstSubfolderSpec = 13;
			files = (
				A9201801227CE0C1004A42B1 /* NotificationServiceExtension.appex in Embed App Extensions */,
			);
			name = "Embed App Extensions";
			runOnlyForDeploymentPostprocessing = 0;
		};
/* End PBXCopyFilesBuildPhase section */

/* Begin PBXFileReference section */
		2D40AF9E22E7E5E23B8051DE /* Pods_MGProject.framework */ = {isa = PBXFileReference; explicitFileType = wrapper.framework; includeInIndex = 0; path = Pods_MGProject.framework; sourceTree = BUILT_PRODUCTS_DIR; };
		31BED6EAB4EAEACE15023B01 /* Pods-NotificationServiceExtension.release.xcconfig */ = {isa = PBXFileReference; includeInIndex = 1; lastKnownFileType = text.xcconfig; name = "Pods-NotificationServiceExtension.release.xcconfig"; path = "Target Support Files/Pods-NotificationServiceExtension/Pods-NotificationServiceExtension.release.xcconfig"; sourceTree = "<group>"; };
		6E8997604702BF6621E0707A /* Pods-MGProject.release.xcconfig */ = {isa = PBXFileReference; includeInIndex = 1; lastKnownFileType = text.xcconfig; name = "Pods-MGProject.release.xcconfig"; path = "Target Support Files/Pods-MGProject/Pods-MGProject.release.xcconfig"; sourceTree = "<group>"; };
		70C162D8A6C9BF4A24FBA869 /* Pods_NotificationServiceExtension.framework */ = {isa = PBXFileReference; explicitFileType = wrapper.framework; includeInIndex = 0; path = Pods_NotificationServiceExtension.framework; sourceTree = BUILT_PRODUCTS_DIR; };
		A91A35D222735881003AD425 /* pinktry.mp3 */ = {isa = PBXFileReference; lastKnownFileType = audio.mp3; path = pinktry.mp3; sourceTree = "<group>"; };
		A91A35D322735882003AD425 /* twentyonepilots.mp3 */ = {isa = PBXFileReference; lastKnownFileType = audio.mp3; path = twentyonepilots.mp3; sourceTree = "<group>"; };
		A91A35D422735882003AD425 /* aviciilevels.mp3 */ = {isa = PBXFileReference; lastKnownFileType = audio.mp3; path = aviciilevels.mp3; sourceTree = "<group>"; };
		A91A35D522735883003AD425 /* aviciiwakemeup.mp3 */ = {isa = PBXFileReference; lastKnownFileType = audio.mp3; path = aviciiwakemeup.mp3; sourceTree = "<group>"; };
		A91A35D622735884003AD425 /* therainsofcastamere.mp3 */ = {isa = PBXFileReference; lastKnownFileType = audio.mp3; path = therainsofcastamere.mp3; sourceTree = "<group>"; };
		A91A35D722735884003AD425 /* thunderstruck.mp3 */ = {isa = PBXFileReference; lastKnownFileType = audio.mp3; path = thunderstruck.mp3; sourceTree = "<group>"; };
		A91A35D822735885003AD425 /* zombiebadwolves.mp3 */ = {isa = PBXFileReference; lastKnownFileType = audio.mp3; path = zombiebadwolves.mp3; sourceTree = "<group>"; };
		A91A35D922735886003AD425 /* badliar.mp3 */ = {isa = PBXFileReference; lastKnownFileType = audio.mp3; path = badliar.mp3; sourceTree = "<group>"; };
		A91A35DA22735886003AD425 /* linkinparknumb.mp3 */ = {isa = PBXFileReference; lastKnownFileType = audio.mp3; path = linkinparknumb.mp3; sourceTree = "<group>"; };
		A91A35DB22735887003AD425 /* shoottothrill.mp3 */ = {isa = PBXFileReference; lastKnownFileType = audio.mp3; path = shoottothrill.mp3; sourceTree = "<group>"; };
		A91A35E822737590003AD425 /* GoogleService-Info.plist */ = {isa = PBXFileReference; fileEncoding = 4; lastKnownFileType = text.plist.xml; path = "GoogleService-Info.plist"; sourceTree = "<group>"; };
		A91B6CC722758FEF001C811E /* AudioPlayerComponent.swift */ = {isa = PBXFileReference; fileEncoding = 4; lastKnownFileType = sourcecode.swift; path = AudioPlayerComponent.swift; sourceTree = "<group>"; };
		A91B6CC922759174001C811E /* Component.swift */ = {isa = PBXFileReference; fileEncoding = 4; lastKnownFileType = sourcecode.swift; path = Component.swift; sourceTree = "<group>"; };
		A91B6CCB227592E7001C811E /* VideoPlayerComponent.swift */ = {isa = PBXFileReference; lastKnownFileType = sourcecode.swift; path = VideoPlayerComponent.swift; sourceTree = "<group>"; };
		A91B6CCD22759704001C811E /* SideMenuComponent.swift */ = {isa = PBXFileReference; lastKnownFileType = sourcecode.swift; path = SideMenuComponent.swift; sourceTree = "<group>"; };
		A91B6CCF22759789001C811E /* LandingComponent.swift */ = {isa = PBXFileReference; lastKnownFileType = sourcecode.swift; path = LandingComponent.swift; sourceTree = "<group>"; };
		A91B6CD1227597E6001C811E /* BrowserComponent.swift */ = {isa = PBXFileReference; lastKnownFileType = sourcecode.swift; path = BrowserComponent.swift; sourceTree = "<group>"; };
		A91B6CD32275984F001C811E /* MapComponent.swift */ = {isa = PBXFileReference; lastKnownFileType = sourcecode.swift; path = MapComponent.swift; sourceTree = "<group>"; };
		A91B6CD5227598A8001C811E /* FeedComponent.swift */ = {isa = PBXFileReference; lastKnownFileType = sourcecode.swift; path = FeedComponent.swift; sourceTree = "<group>"; };
		A91BBBAC227B58A600A5D626 /* TemplateColor.swift */ = {isa = PBXFileReference; lastKnownFileType = sourcecode.swift; path = TemplateColor.swift; sourceTree = "<group>"; };
		A91BBBAE227B58CA00A5D626 /* TemplateFont.swift */ = {isa = PBXFileReference; lastKnownFileType = sourcecode.swift; path = TemplateFont.swift; sourceTree = "<group>"; };
		A91BBBB1227B7FF300A5D626 /* SettingsComponent.swift */ = {isa = PBXFileReference; lastKnownFileType = sourcecode.swift; path = SettingsComponent.swift; sourceTree = "<group>"; };
		A92017FA227CE0C0004A42B1 /* NotificationServiceExtension.appex */ = {isa = PBXFileReference; explicitFileType = "wrapper.app-extension"; includeInIndex = 0; path = NotificationServiceExtension.appex; sourceTree = BUILT_PRODUCTS_DIR; };
		A92017FC227CE0C1004A42B1 /* NotificationService.swift */ = {isa = PBXFileReference; lastKnownFileType = sourcecode.swift; path = NotificationService.swift; sourceTree = "<group>"; };
		A92017FE227CE0C1004A42B1 /* Info.plist */ = {isa = PBXFileReference; lastKnownFileType = text.plist.xml; path = Info.plist; sourceTree = "<group>"; };
		A9398077227D870C005E2736 /* AppDelegate+AdMob.swift */ = {isa = PBXFileReference; lastKnownFileType = sourcecode.swift; path = "AppDelegate+AdMob.swift"; sourceTree = "<group>"; };
		A989A5B1227791FE00A36CBD /* AppDelegate+Messaging.swift */ = {isa = PBXFileReference; lastKnownFileType = sourcecode.swift; path = "AppDelegate+Messaging.swift"; sourceTree = "<group>"; };
		A989A5B32277922C00A36CBD /* AppDelegate+UserNotification.swift */ = {isa = PBXFileReference; lastKnownFileType = sourcecode.swift; path = "AppDelegate+UserNotification.swift"; sourceTree = "<group>"; };
		A989A5B52277948D00A36CBD /* AppDelegate+Modules.swift */ = {isa = PBXFileReference; lastKnownFileType = sourcecode.swift; path = "AppDelegate+Modules.swift"; sourceTree = "<group>"; };
		A9960437224EAF5E001FA5EE /* Localizable.strings */ = {isa = PBXFileReference; fileEncoding = 4; lastKnownFileType = text.plist.strings; path = Localizable.strings; sourceTree = "<group>"; };
		A9A4C02E224AC1E10093A7AE /* MGProject.app */ = {isa = PBXFileReference; explicitFileType = wrapper.application; includeInIndex = 0; path = MGProject.app; sourceTree = BUILT_PRODUCTS_DIR; };
		A9A4C031224AC1E10093A7AE /* AppDelegate.swift */ = {isa = PBXFileReference; lastKnownFileType = sourcecode.swift; path = AppDelegate.swift; sourceTree = "<group>"; };
		A9A4C036224AC1E10093A7AE /* Base */ = {isa = PBXFileReference; lastKnownFileType = file.storyboard; name = Base; path = Base.lproj/Main.storyboard; sourceTree = "<group>"; };
		A9A4C038224AC1E40093A7AE /* Assets.xcassets */ = {isa = PBXFileReference; lastKnownFileType = folder.assetcatalog; path = Assets.xcassets; sourceTree = "<group>"; };
		A9A4C03B224AC1E40093A7AE /* Base */ = {isa = PBXFileReference; lastKnownFileType = file.storyboard; name = Base; path = Base.lproj/LaunchScreen.storyboard; sourceTree = "<group>"; };
		A9A4C03D224AC1E40093A7AE /* Info.plist */ = {isa = PBXFileReference; lastKnownFileType = text.plist.xml; path = Info.plist; sourceTree = "<group>"; };
		A9D715F022742CA5005A7B20 /* MGProject.entitlements */ = {isa = PBXFileReference; lastKnownFileType = text.plist.entitlements; path = MGProject.entitlements; sourceTree = "<group>"; };
		DAC6FB00FBAE759A244E00FB /* Pods-NotificationServiceExtension.debug.xcconfig */ = {isa = PBXFileReference; includeInIndex = 1; lastKnownFileType = text.xcconfig; name = "Pods-NotificationServiceExtension.debug.xcconfig"; path = "Target Support Files/Pods-NotificationServiceExtension/Pods-NotificationServiceExtension.debug.xcconfig"; sourceTree = "<group>"; };
		FEC423B49DFD4689C64449B9 /* Pods-MGProject.debug.xcconfig */ = {isa = PBXFileReference; includeInIndex = 1; lastKnownFileType = text.xcconfig; name = "Pods-MGProject.debug.xcconfig"; path = "Target Support Files/Pods-MGProject/Pods-MGProject.debug.xcconfig"; sourceTree = "<group>"; };
/* End PBXFileReference section */

/* Begin PBXFrameworksBuildPhase section */
		A92017F7227CE0C0004A42B1 /* Frameworks */ = {
			isa = PBXFrameworksBuildPhase;
			buildActionMask = 2147483647;
			files = (
				C1653739B836ECB5FAA7B7EC /* Pods_NotificationServiceExtension.framework in Frameworks */,
			);
			runOnlyForDeploymentPostprocessing = 0;
		};
		A9A4C02B224AC1E10093A7AE /* Frameworks */ = {
			isa = PBXFrameworksBuildPhase;
			buildActionMask = 2147483647;
			files = (
				89F5422F6EDABA53EA207C43 /* Pods_MGProject.framework in Frameworks */,
			);
			runOnlyForDeploymentPostprocessing = 0;
		};
/* End PBXFrameworksBuildPhase section */

/* Begin PBXGroup section */
		1D98BEBDE6B0190419B4B11D /* Frameworks */ = {
			isa = PBXGroup;
			children = (
				2D40AF9E22E7E5E23B8051DE /* Pods_MGProject.framework */,
				70C162D8A6C9BF4A24FBA869 /* Pods_NotificationServiceExtension.framework */,
			);
			name = Frameworks;
			sourceTree = "<group>";
		};
		A91A35D1227357C7003AD425 /* Files */ = {
			isa = PBXGroup;
			children = (
				A91A35D422735882003AD425 /* aviciilevels.mp3 */,
				A91A35D522735883003AD425 /* aviciiwakemeup.mp3 */,
				A91A35D922735886003AD425 /* badliar.mp3 */,
				A91A35DA22735886003AD425 /* linkinparknumb.mp3 */,
				A91A35D222735881003AD425 /* pinktry.mp3 */,
				A91A35DB22735887003AD425 /* shoottothrill.mp3 */,
				A91A35D622735884003AD425 /* therainsofcastamere.mp3 */,
				A91A35D722735884003AD425 /* thunderstruck.mp3 */,
				A91A35D322735882003AD425 /* twentyonepilots.mp3 */,
				A91A35D822735885003AD425 /* zombiebadwolves.mp3 */,
			);
			path = Files;
			sourceTree = "<group>";
		};
		A91B6CC622758FC8001C811E /* Components */ = {
			isa = PBXGroup;
			children = (
				A91B6CC922759174001C811E /* Component.swift */,
				A91B6CCD22759704001C811E /* SideMenuComponent.swift */,
				A91B6CCF22759789001C811E /* LandingComponent.swift */,
				A91B6CD1227597E6001C811E /* BrowserComponent.swift */,
				A91B6CD32275984F001C811E /* MapComponent.swift */,
				A91B6CD5227598A8001C811E /* FeedComponent.swift */,
				A91B6CC722758FEF001C811E /* AudioPlayerComponent.swift */,
				A91B6CCB227592E7001C811E /* VideoPlayerComponent.swift */,
				A91BBBB1227B7FF300A5D626 /* SettingsComponent.swift */,
			);
			path = Components;
			sourceTree = "<group>";
		};
		A91B6CDB22760432001C811E /* Template */ = {
			isa = PBXGroup;
			children = (
				A91BBBAC227B58A600A5D626 /* TemplateColor.swift */,
				A91BBBAE227B58CA00A5D626 /* TemplateFont.swift */,
			);
			path = Template;
			sourceTree = "<group>";
		};
		A91BBBB0227B6BB600A5D626 /* Application */ = {
			isa = PBXGroup;
			children = (
				A9A4C031224AC1E10093A7AE /* AppDelegate.swift */,
				A989A5B52277948D00A36CBD /* AppDelegate+Modules.swift */,
				A989A5B1227791FE00A36CBD /* AppDelegate+Messaging.swift */,
				A989A5B32277922C00A36CBD /* AppDelegate+UserNotification.swift */,
				A9398077227D870C005E2736 /* AppDelegate+AdMob.swift */,
			);
			name = Application;
			sourceTree = "<group>";
		};
		A92017FB227CE0C0004A42B1 /* NotificationServiceExtension */ = {
			isa = PBXGroup;
			children = (
				A92017FC227CE0C1004A42B1 /* NotificationService.swift */,
				A92017FE227CE0C1004A42B1 /* Info.plist */,
			);
			path = NotificationServiceExtension;
			sourceTree = "<group>";
		};
		A9A4C025224AC1E10093A7AE = {
			isa = PBXGroup;
			children = (
				A9A4C030224AC1E10093A7AE /* MGProject */,
				A92017FB227CE0C0004A42B1 /* NotificationServiceExtension */,
				A9A4C02F224AC1E10093A7AE /* Products */,
				FDEDB9775C09FDDBD2F12A96 /* Pods */,
				1D98BEBDE6B0190419B4B11D /* Frameworks */,
			);
			sourceTree = "<group>";
		};
		A9A4C02F224AC1E10093A7AE /* Products */ = {
			isa = PBXGroup;
			children = (
				A9A4C02E224AC1E10093A7AE /* MGProject.app */,
				A92017FA227CE0C0004A42B1 /* NotificationServiceExtension.appex */,
			);
			name = Products;
			sourceTree = "<group>";
		};
		A9A4C030224AC1E10093A7AE /* MGProject */ = {
			isa = PBXGroup;
			children = (
				A91BBBB0227B6BB600A5D626 /* Application */,
				A91B6CDB22760432001C811E /* Template */,
				A91B6CC622758FC8001C811E /* Components */,
				A9A4C03D224AC1E40093A7AE /* Info.plist */,
				A9D715F022742CA5005A7B20 /* MGProject.entitlements */,
				A91A35E822737590003AD425 /* GoogleService-Info.plist */,
				A9A4C035224AC1E10093A7AE /* Main.storyboard */,
				A9A4C03A224AC1E40093A7AE /* LaunchScreen.storyboard */,
				A9A4C038224AC1E40093A7AE /* Assets.xcassets */,
				A9960437224EAF5E001FA5EE /* Localizable.strings */,
				A91A35D1227357C7003AD425 /* Files */,
			);
			path = MGProject;
			sourceTree = "<group>";
		};
		FDEDB9775C09FDDBD2F12A96 /* Pods */ = {
			isa = PBXGroup;
			children = (
				FEC423B49DFD4689C64449B9 /* Pods-MGProject.debug.xcconfig */,
				6E8997604702BF6621E0707A /* Pods-MGProject.release.xcconfig */,
				DAC6FB00FBAE759A244E00FB /* Pods-NotificationServiceExtension.debug.xcconfig */,
				31BED6EAB4EAEACE15023B01 /* Pods-NotificationServiceExtension.release.xcconfig */,
			);
			path = Pods;
			sourceTree = "<group>";
		};
/* End PBXGroup section */

/* Begin PBXNativeTarget section */
		A92017F9227CE0C0004A42B1 /* NotificationServiceExtension */ = {
			isa = PBXNativeTarget;
			buildConfigurationList = A9201802227CE0C1004A42B1 /* Build configuration list for PBXNativeTarget "NotificationServiceExtension" */;
			buildPhases = (
				9829EC9CC6BADAF06DF2886A /* [CP] Check Pods Manifest.lock */,
				A92017F6227CE0C0004A42B1 /* Sources */,
				A92017F7227CE0C0004A42B1 /* Frameworks */,
				A92017F8227CE0C0004A42B1 /* Resources */,
			);
			buildRules = (
			);
			dependencies = (
			);
			name = NotificationServiceExtension;
			productName = NotificationServiceExtension;
			productReference = A92017FA227CE0C0004A42B1 /* NotificationServiceExtension.appex */;
			productType = "com.apple.product-type.app-extension";
		};
		A9A4C02D224AC1E10093A7AE /* MGProject */ = {
			isa = PBXNativeTarget;
			buildConfigurationList = A9A4C040224AC1E40093A7AE /* Build configuration list for PBXNativeTarget "MGProject" */;
			buildPhases = (
				F15CBAF4314D6BDA4FC4A1A1 /* [CP] Check Pods Manifest.lock */,
				A9A4C02A224AC1E10093A7AE /* Sources */,
				A9A4C02B224AC1E10093A7AE /* Frameworks */,
				A9A4C02C224AC1E10093A7AE /* Resources */,
				A7E148BBE511A5FA18067EB0 /* [CP] Embed Pods Frameworks */,
				F9C8A5C62E8F15B39621DEC7 /* [CP] Copy Pods Resources */,
				A9201805227CE0C1004A42B1 /* Embed App Extensions */,
			);
			buildRules = (
			);
			dependencies = (
				A9201800227CE0C1004A42B1 /* PBXTargetDependency */,
			);
			name = MGProject;
			productName = MGProject;
			productReference = A9A4C02E224AC1E10093A7AE /* MGProject.app */;
			productType = "com.apple.product-type.application";
		};
/* End PBXNativeTarget section */

/* Begin PBXProject section */
		A9A4C026224AC1E10093A7AE /* Project object */ = {
			isa = PBXProject;
			attributes = {
				LastSwiftUpdateCheck = 1020;
				LastUpgradeCheck = 1010;
				ORGANIZATIONNAME = "Dream Building Company";
				TargetAttributes = {
					A92017F9227CE0C0004A42B1 = {
						CreatedOnToolsVersion = 10.2;
					};
					A9A4C02D224AC1E10093A7AE = {
						CreatedOnToolsVersion = 10.1;
						SystemCapabilities = {
							com.apple.BackgroundModes = {
								enabled = 1;
							};
							com.apple.Push = {
								enabled = 1;
							};
						};
					};
				};
			};
			buildConfigurationList = A9A4C029224AC1E10093A7AE /* Build configuration list for PBXProject "MGProject" */;
			compatibilityVersion = "Xcode 9.3";
			developmentRegion = en;
			hasScannedForEncodings = 0;
			knownRegions = (
				en,
				Base,
			);
			mainGroup = A9A4C025224AC1E10093A7AE;
			productRefGroup = A9A4C02F224AC1E10093A7AE /* Products */;
			projectDirPath = "";
			projectRoot = "";
			targets = (
				A9A4C02D224AC1E10093A7AE /* MGProject */,
				A92017F9227CE0C0004A42B1 /* NotificationServiceExtension */,
			);
		};
/* End PBXProject section */

/* Begin PBXResourcesBuildPhase section */
		A92017F8227CE0C0004A42B1 /* Resources */ = {
			isa = PBXResourcesBuildPhase;
			buildActionMask = 2147483647;
			files = (
			);
			runOnlyForDeploymentPostprocessing = 0;
		};
		A9A4C02C224AC1E10093A7AE /* Resources */ = {
			isa = PBXResourcesBuildPhase;
			buildActionMask = 2147483647;
			files = (
				A91A35E422735887003AD425 /* linkinparknumb.mp3 in Resources */,
				A9A4C03C224AC1E40093A7AE /* LaunchScreen.storyboard in Resources */,
				A91A35E922737590003AD425 /* GoogleService-Info.plist in Resources */,
				A91A35E522735887003AD425 /* shoottothrill.mp3 in Resources */,
				A91A35E022735887003AD425 /* therainsofcastamere.mp3 in Resources */,
				A91A35E222735887003AD425 /* zombiebadwolves.mp3 in Resources */,
				A9960438224EAF5E001FA5EE /* Localizable.strings in Resources */,
				A91A35E322735887003AD425 /* badliar.mp3 in Resources */,
				A91A35DC22735887003AD425 /* pinktry.mp3 in Resources */,
				A91A35DD22735887003AD425 /* twentyonepilots.mp3 in Resources */,
				A91A35DF22735887003AD425 /* aviciiwakemeup.mp3 in Resources */,
				A9A4C039224AC1E40093A7AE /* Assets.xcassets in Resources */,
				A91A35E122735887003AD425 /* thunderstruck.mp3 in Resources */,
				A9A4C037224AC1E10093A7AE /* Main.storyboard in Resources */,
				A91A35DE22735887003AD425 /* aviciilevels.mp3 in Resources */,
			);
			runOnlyForDeploymentPostprocessing = 0;
		};
/* End PBXResourcesBuildPhase section */

/* Begin PBXShellScriptBuildPhase section */
		9829EC9CC6BADAF06DF2886A /* [CP] Check Pods Manifest.lock */ = {
			isa = PBXShellScriptBuildPhase;
			buildActionMask = 2147483647;
			files = (
			);
			inputFileListPaths = (
			);
			inputPaths = (
				"${PODS_PODFILE_DIR_PATH}/Podfile.lock",
				"${PODS_ROOT}/Manifest.lock",
			);
			name = "[CP] Check Pods Manifest.lock";
			outputFileListPaths = (
			);
			outputPaths = (
				"$(DERIVED_FILE_DIR)/Pods-NotificationServiceExtension-checkManifestLockResult.txt",
			);
			runOnlyForDeploymentPostprocessing = 0;
			shellPath = /bin/sh;
			shellScript = "diff \"${PODS_PODFILE_DIR_PATH}/Podfile.lock\" \"${PODS_ROOT}/Manifest.lock\" > /dev/null\nif [ $? != 0 ] ; then\n    # print error to STDERR\n    echo \"error: The sandbox is not in sync with the Podfile.lock. Run 'pod install' or update your CocoaPods installation.\" >&2\n    exit 1\nfi\n# This output is used by Xcode 'outputs' to avoid re-running this script phase.\necho \"SUCCESS\" > \"${SCRIPT_OUTPUT_FILE_0}\"\n";
			showEnvVarsInLog = 0;
		};
		A7E148BBE511A5FA18067EB0 /* [CP] Embed Pods Frameworks */ = {
			isa = PBXShellScriptBuildPhase;
			buildActionMask = 2147483647;
			files = (
			);
			inputFileListPaths = (
			);
			inputPaths = (
				"${PODS_ROOT}/Target Support Files/Pods-MGProject/Pods-MGProject-frameworks.sh",
				"${BUILT_PRODUCTS_DIR}/Cosmos/Cosmos.framework",
				"${BUILT_PRODUCTS_DIR}/FeedKit/FeedKit.framework",
				"${BUILT_PRODUCTS_DIR}/FontBlaster/FontBlaster.framework",
				"${BUILT_PRODUCTS_DIR}/GSImageViewerController/GSImageViewerController.framework",
				"${BUILT_PRODUCTS_DIR}/GoogleUtilities/GoogleUtilities.framework",
				"${BUILT_PRODUCTS_DIR}/MGMapKit/MGMapKit.framework",
				"${BUILT_PRODUCTS_DIR}/MGSettingsKit/MGSettingsKit.framework",
				"${BUILT_PRODUCTS_DIR}/MGSideMenuKit/MGSideMenuKit.framework",
				"${BUILT_PRODUCTS_DIR}/MGTemplateKit/MGTemplateKit.framework",
				"${BUILT_PRODUCTS_DIR}/Protobuf/Protobuf.framework",
				"${BUILT_PRODUCTS_DIR}/SDWebImage/SDWebImage.framework",
				"${BUILT_PRODUCTS_DIR}/SideMenuSwift/SideMenuSwift.framework",
				"${BUILT_PRODUCTS_DIR}/SnapKit/SnapKit.framework",
				"${BUILT_PRODUCTS_DIR}/SwiftSoup/SwiftSoup.framework",
				"${BUILT_PRODUCTS_DIR}/UIColor_Hex_Swift/UIColor_Hex_Swift.framework",
				"${BUILT_PRODUCTS_DIR}/nanopb/nanopb.framework",
			);
			name = "[CP] Embed Pods Frameworks";
			outputFileListPaths = (
			);
			outputPaths = (
				"${TARGET_BUILD_DIR}/${FRAMEWORKS_FOLDER_PATH}/Cosmos.framework",
				"${TARGET_BUILD_DIR}/${FRAMEWORKS_FOLDER_PATH}/FeedKit.framework",
				"${TARGET_BUILD_DIR}/${FRAMEWORKS_FOLDER_PATH}/FontBlaster.framework",
				"${TARGET_BUILD_DIR}/${FRAMEWORKS_FOLDER_PATH}/GSImageViewerController.framework",
				"${TARGET_BUILD_DIR}/${FRAMEWORKS_FOLDER_PATH}/GoogleUtilities.framework",
				"${TARGET_BUILD_DIR}/${FRAMEWORKS_FOLDER_PATH}/MGMapKit.framework",
				"${TARGET_BUILD_DIR}/${FRAMEWORKS_FOLDER_PATH}/MGSettingsKit.framework",
				"${TARGET_BUILD_DIR}/${FRAMEWORKS_FOLDER_PATH}/MGSideMenuKit.framework",
				"${TARGET_BUILD_DIR}/${FRAMEWORKS_FOLDER_PATH}/MGTemplateKit.framework",
				"${TARGET_BUILD_DIR}/${FRAMEWORKS_FOLDER_PATH}/Protobuf.framework",
				"${TARGET_BUILD_DIR}/${FRAMEWORKS_FOLDER_PATH}/SDWebImage.framework",
				"${TARGET_BUILD_DIR}/${FRAMEWORKS_FOLDER_PATH}/SideMenuSwift.framework",
				"${TARGET_BUILD_DIR}/${FRAMEWORKS_FOLDER_PATH}/SnapKit.framework",
				"${TARGET_BUILD_DIR}/${FRAMEWORKS_FOLDER_PATH}/SwiftSoup.framework",
				"${TARGET_BUILD_DIR}/${FRAMEWORKS_FOLDER_PATH}/UIColor_Hex_Swift.framework",
				"${TARGET_BUILD_DIR}/${FRAMEWORKS_FOLDER_PATH}/nanopb.framework",
			);
			runOnlyForDeploymentPostprocessing = 0;
			shellPath = /bin/sh;
			shellScript = "\"${PODS_ROOT}/Target Support Files/Pods-MGProject/Pods-MGProject-frameworks.sh\"\n";
			showEnvVarsInLog = 0;
		};
		F15CBAF4314D6BDA4FC4A1A1 /* [CP] Check Pods Manifest.lock */ = {
			isa = PBXShellScriptBuildPhase;
			buildActionMask = 2147483647;
			files = (
			);
			inputFileListPaths = (
			);
			inputPaths = (
				"${PODS_PODFILE_DIR_PATH}/Podfile.lock",
				"${PODS_ROOT}/Manifest.lock",
			);
			name = "[CP] Check Pods Manifest.lock";
			outputFileListPaths = (
			);
			outputPaths = (
				"$(DERIVED_FILE_DIR)/Pods-MGProject-checkManifestLockResult.txt",
			);
			runOnlyForDeploymentPostprocessing = 0;
			shellPath = /bin/sh;
			shellScript = "diff \"${PODS_PODFILE_DIR_PATH}/Podfile.lock\" \"${PODS_ROOT}/Manifest.lock\" > /dev/null\nif [ $? != 0 ] ; then\n    # print error to STDERR\n    echo \"error: The sandbox is not in sync with the Podfile.lock. Run 'pod install' or update your CocoaPods installation.\" >&2\n    exit 1\nfi\n# This output is used by Xcode 'outputs' to avoid re-running this script phase.\necho \"SUCCESS\" > \"${SCRIPT_OUTPUT_FILE_0}\"\n";
			showEnvVarsInLog = 0;
		};
		F9C8A5C62E8F15B39621DEC7 /* [CP] Copy Pods Resources */ = {
			isa = PBXShellScriptBuildPhase;
			buildActionMask = 2147483647;
			files = (
			);
			inputFileListPaths = (
			);
			inputPaths = (
				"${PODS_ROOT}/Target Support Files/Pods-MGProject/Pods-MGProject-resources.sh",
				"${PODS_CONFIGURATION_BUILD_DIR}/MGAudioPlayerKit/MGAudioPlayerKit.bundle",
				"${PODS_CONFIGURATION_BUILD_DIR}/MGBrowserKit/MGBrowserKit.bundle",
				"${PODS_CONFIGURATION_BUILD_DIR}/MGFeedKit/MGFeedKit.bundle",
				"${PODS_CONFIGURATION_BUILD_DIR}/MGLandingKit/MGLandingKit.bundle",
				"${PODS_CONFIGURATION_BUILD_DIR}/MGVideoPlayerKit/MGVideoPlayerKit.bundle",
			);
			name = "[CP] Copy Pods Resources";
			outputFileListPaths = (
			);
			outputPaths = (
				"${TARGET_BUILD_DIR}/${UNLOCALIZED_RESOURCES_FOLDER_PATH}/MGAudioPlayerKit.bundle",
				"${TARGET_BUILD_DIR}/${UNLOCALIZED_RESOURCES_FOLDER_PATH}/MGBrowserKit.bundle",
				"${TARGET_BUILD_DIR}/${UNLOCALIZED_RESOURCES_FOLDER_PATH}/MGFeedKit.bundle",
				"${TARGET_BUILD_DIR}/${UNLOCALIZED_RESOURCES_FOLDER_PATH}/MGLandingKit.bundle",
				"${TARGET_BUILD_DIR}/${UNLOCALIZED_RESOURCES_FOLDER_PATH}/MGVideoPlayerKit.bundle",
			);
			runOnlyForDeploymentPostprocessing = 0;
			shellPath = /bin/sh;
			shellScript = "\"${PODS_ROOT}/Target Support Files/Pods-MGProject/Pods-MGProject-resources.sh\"\n";
			showEnvVarsInLog = 0;
		};
/* End PBXShellScriptBuildPhase section */

/* Begin PBXSourcesBuildPhase section */
		A92017F6227CE0C0004A42B1 /* Sources */ = {
			isa = PBXSourcesBuildPhase;
			buildActionMask = 2147483647;
			files = (
				A92017FD227CE0C1004A42B1 /* NotificationService.swift in Sources */,
			);
			runOnlyForDeploymentPostprocessing = 0;
		};
		A9A4C02A224AC1E10093A7AE /* Sources */ = {
			isa = PBXSourcesBuildPhase;
			buildActionMask = 2147483647;
			files = (
				A91B6CD6227598A8001C811E /* FeedComponent.swift in Sources */,
				A91B6CCC227592E7001C811E /* VideoPlayerComponent.swift in Sources */,
				A91BBBB2227B7FF300A5D626 /* SettingsComponent.swift in Sources */,
				A91B6CCA22759174001C811E /* Component.swift in Sources */,
				A989A5B62277948D00A36CBD /* AppDelegate+Modules.swift in Sources */,
				A91B6CC822758FF0001C811E /* AudioPlayerComponent.swift in Sources */,
				A91B6CD42275984F001C811E /* MapComponent.swift in Sources */,
				A989A5B42277922C00A36CBD /* AppDelegate+UserNotification.swift in Sources */,
				A91BBBAF227B58CA00A5D626 /* TemplateFont.swift in Sources */,
				A989A5B2227791FE00A36CBD /* AppDelegate+Messaging.swift in Sources */,
				A91B6CCE22759704001C811E /* SideMenuComponent.swift in Sources */,
				A91B6CD022759789001C811E /* LandingComponent.swift in Sources */,
				A9398078227D870C005E2736 /* AppDelegate+AdMob.swift in Sources */,
				A9A4C032224AC1E10093A7AE /* AppDelegate.swift in Sources */,
				A91BBBAD227B58A600A5D626 /* TemplateColor.swift in Sources */,
				A91B6CD2227597E6001C811E /* BrowserComponent.swift in Sources */,
			);
			runOnlyForDeploymentPostprocessing = 0;
		};
/* End PBXSourcesBuildPhase section */

/* Begin PBXTargetDependency section */
		A9201800227CE0C1004A42B1 /* PBXTargetDependency */ = {
			isa = PBXTargetDependency;
			target = A92017F9227CE0C0004A42B1 /* NotificationServiceExtension */;
			targetProxy = A92017FF227CE0C1004A42B1 /* PBXContainerItemProxy */;
		};
/* End PBXTargetDependency section */

/* Begin PBXVariantGroup section */
		A9A4C035224AC1E10093A7AE /* Main.storyboard */ = {
			isa = PBXVariantGroup;
			children = (
				A9A4C036224AC1E10093A7AE /* Base */,
			);
			name = Main.storyboard;
			sourceTree = "<group>";
		};
		A9A4C03A224AC1E40093A7AE /* LaunchScreen.storyboard */ = {
			isa = PBXVariantGroup;
			children = (
				A9A4C03B224AC1E40093A7AE /* Base */,
			);
			name = LaunchScreen.storyboard;
			sourceTree = "<group>";
		};
/* End PBXVariantGroup section */

/* Begin XCBuildConfiguration section */
		A9201803227CE0C1004A42B1 /* Debug */ = {
			isa = XCBuildConfiguration;
			baseConfigurationReference = DAC6FB00FBAE759A244E00FB /* Pods-NotificationServiceExtension.debug.xcconfig */;
			buildSettings = {
				CODE_SIGN_STYLE = Automatic;
				DEVELOPMENT_TEAM = GCF6L5J37K;
				INFOPLIST_FILE = NotificationServiceExtension/Info.plist;
				IPHONEOS_DEPLOYMENT_TARGET = 12.0;
				LD_RUNPATH_SEARCH_PATHS = (
					"$(inherited)",
					"@executable_path/Frameworks",
					"@executable_path/../../Frameworks",
				);
				PRODUCT_BUNDLE_IDENTIFIER = com.dreambuildingteam.MegaGeneral.NotificationServiceExtension;
				PRODUCT_NAME = "$(TARGET_NAME)";
				SKIP_INSTALL = YES;
				SWIFT_VERSION = 5.0;
				TARGETED_DEVICE_FAMILY = "1,2";
			};
			name = Debug;
		};
		A9201804227CE0C1004A42B1 /* Release */ = {
			isa = XCBuildConfiguration;
			baseConfigurationReference = 31BED6EAB4EAEACE15023B01 /* Pods-NotificationServiceExtension.release.xcconfig */;
			buildSettings = {
				CODE_SIGN_STYLE = Automatic;
				DEVELOPMENT_TEAM = GCF6L5J37K;
				INFOPLIST_FILE = NotificationServiceExtension/Info.plist;
				IPHONEOS_DEPLOYMENT_TARGET = 12.0;
				LD_RUNPATH_SEARCH_PATHS = (
					"$(inherited)",
					"@executable_path/Frameworks",
					"@executable_path/../../Frameworks",
				);
				PRODUCT_BUNDLE_IDENTIFIER = com.dreambuildingteam.MegaGeneral.NotificationServiceExtension;
				PRODUCT_NAME = "$(TARGET_NAME)";
				SKIP_INSTALL = YES;
				SWIFT_VERSION = 5.0;
				TARGETED_DEVICE_FAMILY = "1,2";
			};
			name = Release;
		};
		A9A4C03E224AC1E40093A7AE /* Debug */ = {
			isa = XCBuildConfiguration;
			buildSettings = {
				ALWAYS_SEARCH_USER_PATHS = NO;
				CLANG_ANALYZER_NONNULL = YES;
				CLANG_ANALYZER_NUMBER_OBJECT_CONVERSION = YES_AGGRESSIVE;
				CLANG_CXX_LANGUAGE_STANDARD = "gnu++14";
				CLANG_CXX_LIBRARY = "libc++";
				CLANG_ENABLE_MODULES = YES;
				CLANG_ENABLE_OBJC_ARC = YES;
				CLANG_ENABLE_OBJC_WEAK = YES;
				CLANG_WARN_BLOCK_CAPTURE_AUTORELEASING = YES;
				CLANG_WARN_BOOL_CONVERSION = YES;
				CLANG_WARN_COMMA = YES;
				CLANG_WARN_CONSTANT_CONVERSION = YES;
				CLANG_WARN_DEPRECATED_OBJC_IMPLEMENTATIONS = YES;
				CLANG_WARN_DIRECT_OBJC_ISA_USAGE = YES_ERROR;
				CLANG_WARN_DOCUMENTATION_COMMENTS = YES;
				CLANG_WARN_EMPTY_BODY = YES;
				CLANG_WARN_ENUM_CONVERSION = YES;
				CLANG_WARN_INFINITE_RECURSION = YES;
				CLANG_WARN_INT_CONVERSION = YES;
				CLANG_WARN_NON_LITERAL_NULL_CONVERSION = YES;
				CLANG_WARN_OBJC_IMPLICIT_RETAIN_SELF = YES;
				CLANG_WARN_OBJC_LITERAL_CONVERSION = YES;
				CLANG_WARN_OBJC_ROOT_CLASS = YES_ERROR;
				CLANG_WARN_RANGE_LOOP_ANALYSIS = YES;
				CLANG_WARN_STRICT_PROTOTYPES = YES;
				CLANG_WARN_SUSPICIOUS_MOVE = YES;
				CLANG_WARN_UNGUARDED_AVAILABILITY = YES_AGGRESSIVE;
				CLANG_WARN_UNREACHABLE_CODE = YES;
				CLANG_WARN__DUPLICATE_METHOD_MATCH = YES;
				CODE_SIGN_IDENTITY = "iPhone Developer";
				COPY_PHASE_STRIP = NO;
				DEBUG_INFORMATION_FORMAT = dwarf;
				ENABLE_STRICT_OBJC_MSGSEND = YES;
				ENABLE_TESTABILITY = YES;
				GCC_C_LANGUAGE_STANDARD = gnu11;
				GCC_DYNAMIC_NO_PIC = NO;
				GCC_NO_COMMON_BLOCKS = YES;
				GCC_OPTIMIZATION_LEVEL = 0;
				GCC_PREPROCESSOR_DEFINITIONS = (
					"DEBUG=1",
					"$(inherited)",
				);
				GCC_WARN_64_TO_32_BIT_CONVERSION = YES;
				GCC_WARN_ABOUT_RETURN_TYPE = YES_ERROR;
				GCC_WARN_UNDECLARED_SELECTOR = YES;
				GCC_WARN_UNINITIALIZED_AUTOS = YES_AGGRESSIVE;
				GCC_WARN_UNUSED_FUNCTION = YES;
				GCC_WARN_UNUSED_VARIABLE = YES;
				IPHONEOS_DEPLOYMENT_TARGET = 12.0;
				MTL_ENABLE_DEBUG_INFO = INCLUDE_SOURCE;
				MTL_FAST_MATH = YES;
				ONLY_ACTIVE_ARCH = YES;
				SDKROOT = iphoneos;
				SWIFT_ACTIVE_COMPILATION_CONDITIONS = DEBUG;
				SWIFT_OPTIMIZATION_LEVEL = "-Onone";
			};
			name = Debug;
		};
		A9A4C03F224AC1E40093A7AE /* Release */ = {
			isa = XCBuildConfiguration;
			buildSettings = {
				ALWAYS_SEARCH_USER_PATHS = NO;
				CLANG_ANALYZER_NONNULL = YES;
				CLANG_ANALYZER_NUMBER_OBJECT_CONVERSION = YES_AGGRESSIVE;
				CLANG_CXX_LANGUAGE_STANDARD = "gnu++14";
				CLANG_CXX_LIBRARY = "libc++";
				CLANG_ENABLE_MODULES = YES;
				CLANG_ENABLE_OBJC_ARC = YES;
				CLANG_ENABLE_OBJC_WEAK = YES;
				CLANG_WARN_BLOCK_CAPTURE_AUTORELEASING = YES;
				CLANG_WARN_BOOL_CONVERSION = YES;
				CLANG_WARN_COMMA = YES;
				CLANG_WARN_CONSTANT_CONVERSION = YES;
				CLANG_WARN_DEPRECATED_OBJC_IMPLEMENTATIONS = YES;
				CLANG_WARN_DIRECT_OBJC_ISA_USAGE = YES_ERROR;
				CLANG_WARN_DOCUMENTATION_COMMENTS = YES;
				CLANG_WARN_EMPTY_BODY = YES;
				CLANG_WARN_ENUM_CONVERSION = YES;
				CLANG_WARN_INFINITE_RECURSION = YES;
				CLANG_WARN_INT_CONVERSION = YES;
				CLANG_WARN_NON_LITERAL_NULL_CONVERSION = YES;
				CLANG_WARN_OBJC_IMPLICIT_RETAIN_SELF = YES;
				CLANG_WARN_OBJC_LITERAL_CONVERSION = YES;
				CLANG_WARN_OBJC_ROOT_CLASS = YES_ERROR;
				CLANG_WARN_RANGE_LOOP_ANALYSIS = YES;
				CLANG_WARN_STRICT_PROTOTYPES = YES;
				CLANG_WARN_SUSPICIOUS_MOVE = YES;
				CLANG_WARN_UNGUARDED_AVAILABILITY = YES_AGGRESSIVE;
				CLANG_WARN_UNREACHABLE_CODE = YES;
				CLANG_WARN__DUPLICATE_METHOD_MATCH = YES;
				CODE_SIGN_IDENTITY = "iPhone Developer";
				COPY_PHASE_STRIP = NO;
				DEBUG_INFORMATION_FORMAT = "dwarf-with-dsym";
				ENABLE_NS_ASSERTIONS = NO;
				ENABLE_STRICT_OBJC_MSGSEND = YES;
				GCC_C_LANGUAGE_STANDARD = gnu11;
				GCC_NO_COMMON_BLOCKS = YES;
				GCC_WARN_64_TO_32_BIT_CONVERSION = YES;
				GCC_WARN_ABOUT_RETURN_TYPE = YES_ERROR;
				GCC_WARN_UNDECLARED_SELECTOR = YES;
				GCC_WARN_UNINITIALIZED_AUTOS = YES_AGGRESSIVE;
				GCC_WARN_UNUSED_FUNCTION = YES;
				GCC_WARN_UNUSED_VARIABLE = YES;
				IPHONEOS_DEPLOYMENT_TARGET = 12.0;
				MTL_ENABLE_DEBUG_INFO = NO;
				MTL_FAST_MATH = YES;
				SDKROOT = iphoneos;
				SWIFT_COMPILATION_MODE = wholemodule;
				SWIFT_OPTIMIZATION_LEVEL = "-O";
				VALIDATE_PRODUCT = YES;
			};
			name = Release;
		};
		A9A4C041224AC1E40093A7AE /* Debug */ = {
			isa = XCBuildConfiguration;
			baseConfigurationReference = FEC423B49DFD4689C64449B9 /* Pods-MGProject.debug.xcconfig */;
			buildSettings = {
				ALWAYS_EMBED_SWIFT_STANDARD_LIBRARIES = YES;
				ASSETCATALOG_COMPILER_APPICON_NAME = AppIcon;
				CODE_SIGN_ENTITLEMENTS = MGProject/MGProject.entitlements;
				CODE_SIGN_STYLE = Automatic;
				DEVELOPMENT_TEAM = GCF6L5J37K;
				INFOPLIST_FILE = MGProject/Info.plist;
				IPHONEOS_DEPLOYMENT_TARGET = 12.0;
				LD_RUNPATH_SEARCH_PATHS = (
					"$(inherited)",
					"@executable_path/Frameworks",
				);
				PRODUCT_BUNDLE_IDENTIFIER = com.dreambuildingteam.MegaGeneral;
				PRODUCT_NAME = "$(TARGET_NAME)";
				SWIFT_VERSION = 4.2;
				TARGETED_DEVICE_FAMILY = "1,2";
			};
			name = Debug;
		};
		A9A4C042224AC1E40093A7AE /* Release */ = {
			isa = XCBuildConfiguration;
			baseConfigurationReference = 6E8997604702BF6621E0707A /* Pods-MGProject.release.xcconfig */;
			buildSettings = {
				ALWAYS_EMBED_SWIFT_STANDARD_LIBRARIES = YES;
				ASSETCATALOG_COMPILER_APPICON_NAME = AppIcon;
				CODE_SIGN_ENTITLEMENTS = MGProject/MGProject.entitlements;
				CODE_SIGN_STYLE = Automatic;
				DEVELOPMENT_TEAM = GCF6L5J37K;
				INFOPLIST_FILE = MGProject/Info.plist;
				IPHONEOS_DEPLOYMENT_TARGET = 12.0;
				LD_RUNPATH_SEARCH_PATHS = (
					"$(inherited)",
					"@executable_path/Frameworks",
				);
				PRODUCT_BUNDLE_IDENTIFIER = com.dreambuildingteam.MegaGeneral;
				PRODUCT_NAME = "$(TARGET_NAME)";
				SWIFT_VERSION = 4.2;
				TARGETED_DEVICE_FAMILY = "1,2";
			};
			name = Release;
		};
/* End XCBuildConfiguration section */

/* Begin XCConfigurationList section */
		A9201802227CE0C1004A42B1 /* Build configuration list for PBXNativeTarget "NotificationServiceExtension" */ = {
			isa = XCConfigurationList;
			buildConfigurations = (
				A9201803227CE0C1004A42B1 /* Debug */,
				A9201804227CE0C1004A42B1 /* Release */,
			);
			defaultConfigurationIsVisible = 0;
			defaultConfigurationName = Release;
		};
		A9A4C029224AC1E10093A7AE /* Build configuration list for PBXProject "MGProject" */ = {
			isa = XCConfigurationList;
			buildConfigurations = (
				A9A4C03E224AC1E40093A7AE /* Debug */,
				A9A4C03F224AC1E40093A7AE /* Release */,
			);
			defaultConfigurationIsVisible = 0;
			defaultConfigurationName = Release;
		};
		A9A4C040224AC1E40093A7AE /* Build configuration list for PBXNativeTarget "MGProject" */ = {
			isa = XCConfigurationList;
			buildConfigurations = (
				A9A4C041224AC1E40093A7AE /* Debug */,
				A9A4C042224AC1E40093A7AE /* Release */,
			);
			defaultConfigurationIsVisible = 0;
			defaultConfigurationName = Release;
		};
/* End XCConfigurationList section */
	};
	rootObject = A9A4C026224AC1E10093A7AE /* Project object */;
}
